
Microsoft Visual Studio Solution File, Format Version 12.00
# Visual Studio Version 17
VisualStudioVersion = 17.14.36301.6
MinimumVisualStudioVersion = 10.0.40219.1
Project("{FAE04EC0-301F-11D3-BF4B-00C04F79EFBC}") = "ultraQApro", "ultraQApro\ultraQApro.csproj", "{4BA31E4D-0434-4809-B88D-C8F243E4A18A}"
EndProject
Project("{FAE04EC0-301F-11D3-BF4B-00C04F79EFBC}") = "UnitTestProject1", "UnitTestProject1\UnitTestProject1.csproj", "{5BA3F91D-0FF9-4D85-8E55-A87A616BA66A}"
EndProject
Project("{FAE04EC0-301F-11D3-BF4B-00C04F79EFBC}") = "UnitestClasslibrary", "UnitestClasslibrary\UnitestClasslibrary.csproj", "{A143ED71-4151-49F0-AD1A-61CBEC7D2265}"
EndProject
Project("{FAE04EC0-301F-11D3-BF4B-00C04F79EFBC}") = "ConsoleApp1", "ConsoleApp1\ConsoleApp1.csproj", "{A4485179-C1B4-4B96-8275-5A194BBCBF78}"
EndProject
Project("{FAE04EC0-301F-11D3-BF4B-00C04F79EFBC}") = "ConsoleApp2", "ConsoleApp2\ConsoleApp2.csproj", "{FDA0B12C-2BB9-472D-88D7-592FA781528D}"
EndProject
Project("{2150E333-8FDC-42A3-9474-1A3956D46DE8}") = "Unitesting Project", "Unitesting Project", "{02EA681E-C7D8-13C7-8484-4AC65E1B71E8}"
EndProject
Project("{FAE04EC0-301F-11D3-BF4B-00C04F79EFBC}") = "UnitTestProject", "UnitTestProject\UnitTestProject.csproj", "{6150A289-0B9A-4146-8EC0-283D9DBBB02F}"
EndProject
Project("{FAE04EC0-301F-11D3-BF4B-00C04F79EFBC}") = "Test2", "Test2\Test2.csproj", "{3A7E1CD9-AAB9-439B-9973-6431903F8A71}"
EndProject
Project("{2150E333-8FDC-42A3-9474-1A3956D46DE8}") = "Unit 5 Mathematical Opperations", "Unit 5 Mathematical Opperations", "{6F2B6916-838B-4379-A5C0-23D3778239CB}"
EndProject
Project("{FAE04EC0-301F-11D3-BF4B-00C04F79EFBC}") = "IntegerOperations", "IntegerOperations\IntegerOperations.csproj", "{085E98D3-F62F-4F80-8412-3968FA92E0B1}"
EndProject
Project("{FAE04EC0-301F-11D3-BF4B-00C04F79EFBC}") = "FloatingPointOpperations", "FloatingPointOpperations\FloatingPointOpperations.csproj", "{8439F2F6-3CE4-4862-B13A-09928D2B91F4}"
EndProject
Project("{FAE04EC0-301F-11D3-BF4B-00C04F79EFBC}") = "ConvertTemp", "ConvertTemp\ConvertTemp.csproj", "{FAF7CA14-081A-48D3-AD45-D6A64AB64AEB}"
EndProject
Project("{2150E333-8FDC-42A3-9474-1A3956D46DE8}") = "Classes and Objects and Methods", "Classes and Objects and Methods", "{F8E9652A-6F87-4981-A6C0-500DD21E003A}"
EndProject
Project("{FAE04EC0-301F-11D3-BF4B-00C04F79EFBC}") = "ClassObject", "ClassObject\ClassObject.csproj", "{6FABB628-0555-4696-8200-D482F0D05D17}"
EndProject
Project("{FAE04EC0-301F-11D3-BF4B-00C04F79EFBC}") = "Stringgg", "Stringgg\Stringgg.csproj", "{C0742A2C-4223-48CE-91E4-8FB2193D46FD}"
EndProject
Project("{2150E333-8FDC-42A3-9474-1A3956D46DE8}") = "Methods", "Methods", "{64E4E5EB-1685-4E10-9B6C-3CE30CDA6524}"
EndProject
Project("{FAE04EC0-301F-11D3-BF4B-00C04F79EFBC}") = "Methods", "Methods\Methods.csproj", "{E617FAE6-F7CF-4178-A176-3BDC390B55B5}"
EndProject
Global
	GlobalSection(SolutionConfigurationPlatforms) = preSolution
		Debug|Any CPU = Debug|Any CPU
		Release|Any CPU = Release|Any CPU
	EndGlobalSection
	GlobalSection(ProjectConfigurationPlatforms) = postSolution
		{4BA31E4D-0434-4809-B88D-C8F243E4A18A}.Debug|Any CPU.ActiveCfg = Debug|Any CPU
		{4BA31E4D-0434-4809-B88D-C8F243E4A18A}.Debug|Any CPU.Build.0 = Debug|Any CPU
		{4BA31E4D-0434-4809-B88D-C8F243E4A18A}.Release|Any CPU.ActiveCfg = Release|Any CPU
		{4BA31E4D-0434-4809-B88D-C8F243E4A18A}.Release|Any CPU.Build.0 = Release|Any CPU
		{5BA3F91D-0FF9-4D85-8E55-A87A616BA66A}.Debug|Any CPU.ActiveCfg = Debug|Any CPU
		{5BA3F91D-0FF9-4D85-8E55-A87A616BA66A}.Debug|Any CPU.Build.0 = Debug|Any CPU
		{5BA3F91D-0FF9-4D85-8E55-A87A616BA66A}.Release|Any CPU.ActiveCfg = Release|Any CPU
		{5BA3F91D-0FF9-4D85-8E55-A87A616BA66A}.Release|Any CPU.Build.0 = Release|Any CPU
		{A143ED71-4151-49F0-AD1A-61CBEC7D2265}.Debug|Any CPU.ActiveCfg = Debug|Any CPU
		{A143ED71-4151-49F0-AD1A-61CBEC7D2265}.Debug|Any CPU.Build.0 = Debug|Any CPU
		{A143ED71-4151-49F0-AD1A-61CBEC7D2265}.Release|Any CPU.ActiveCfg = Release|Any CPU
		{A143ED71-4151-49F0-AD1A-61CBEC7D2265}.Release|Any CPU.Build.0 = Release|Any CPU
		{A4485179-C1B4-4B96-8275-5A194BBCBF78}.Debug|Any CPU.ActiveCfg = Debug|Any CPU
		{A4485179-C1B4-4B96-8275-5A194BBCBF78}.Debug|Any CPU.Build.0 = Debug|Any CPU
		{A4485179-C1B4-4B96-8275-5A194BBCBF78}.Release|Any CPU.ActiveCfg = Release|Any CPU
		{A4485179-C1B4-4B96-8275-5A194BBCBF78}.Release|Any CPU.Build.0 = Release|Any CPU
		{FDA0B12C-2BB9-472D-88D7-592FA781528D}.Debug|Any CPU.ActiveCfg = Debug|Any CPU
		{FDA0B12C-2BB9-472D-88D7-592FA781528D}.Debug|Any CPU.Build.0 = Debug|Any CPU
		{FDA0B12C-2BB9-472D-88D7-592FA781528D}.Release|Any CPU.ActiveCfg = Release|Any CPU
		{FDA0B12C-2BB9-472D-88D7-592FA781528D}.Release|Any CPU.Build.0 = Release|Any CPU
		{6150A289-0B9A-4146-8EC0-283D9DBBB02F}.Debug|Any CPU.ActiveCfg = Debug|Any CPU
		{6150A289-0B9A-4146-8EC0-283D9DBBB02F}.Debug|Any CPU.Build.0 = Debug|Any CPU
		{6150A289-0B9A-4146-8EC0-283D9DBBB02F}.Release|Any CPU.ActiveCfg = Release|Any CPU
		{6150A289-0B9A-4146-8EC0-283D9DBBB02F}.Release|Any CPU.Build.0 = Release|Any CPU
		{3A7E1CD9-AAB9-439B-9973-6431903F8A71}.Debug|Any CPU.ActiveCfg = Debug|Any CPU
		{3A7E1CD9-AAB9-439B-9973-6431903F8A71}.Debug|Any CPU.Build.0 = Debug|Any CPU
		{3A7E1CD9-AAB9-439B-9973-6431903F8A71}.Release|Any CPU.ActiveCfg = Release|Any CPU
		{3A7E1CD9-AAB9-439B-9973-6431903F8A71}.Release|Any CPU.Build.0 = Release|Any CPU
		{085E98D3-F62F-4F80-8412-3968FA92E0B1}.Debug|Any CPU.ActiveCfg = Debug|Any CPU
		{085E98D3-F62F-4F80-8412-3968FA92E0B1}.Debug|Any CPU.Build.0 = Debug|Any CPU
		{085E98D3-F62F-4F80-8412-3968FA92E0B1}.Release|Any CPU.ActiveCfg = Release|Any CPU
		{085E98D3-F62F-4F80-8412-3968FA92E0B1}.Release|Any CPU.Build.0 = Release|Any CPU
		{8439F2F6-3CE4-4862-B13A-09928D2B91F4}.Debug|Any CPU.ActiveCfg = Debug|Any CPU
		{8439F2F6-3CE4-4862-B13A-09928D2B91F4}.Debug|Any CPU.Build.0 = Debug|Any CPU
		{8439F2F6-3CE4-4862-B13A-09928D2B91F4}.Release|Any CPU.ActiveCfg = Release|Any CPU
		{8439F2F6-3CE4-4862-B13A-09928D2B91F4}.Release|Any CPU.Build.0 = Release|Any CPU
		{FAF7CA14-081A-48D3-AD45-D6A64AB64AEB}.Debug|Any CPU.ActiveCfg = Debug|Any CPU
		{FAF7CA14-081A-48D3-AD45-D6A64AB64AEB}.Debug|Any CPU.Build.0 = Debug|Any CPU
		{FAF7CA14-081A-48D3-AD45-D6A64AB64AEB}.Release|Any CPU.ActiveCfg = Release|Any CPU
		{FAF7CA14-081A-48D3-AD45-D6A64AB64AEB}.Release|Any CPU.Build.0 = Release|Any CPU
		{6FABB628-0555-4696-8200-D482F0D05D17}.Debug|Any CPU.ActiveCfg = Debug|Any CPU
		{6FABB628-0555-4696-8200-D482F0D05D17}.Debug|Any CPU.Build.0 = Debug|Any CPU
		{6FABB628-0555-4696-8200-D482F0D05D17}.Release|Any CPU.ActiveCfg = Release|Any CPU
		{6FABB628-0555-4696-8200-D482F0D05D17}.Release|Any CPU.Build.0 = Release|Any CPU
		{C0742A2C-4223-48CE-91E4-8FB2193D46FD}.Debug|Any CPU.ActiveCfg = Debug|Any CPU
		{C0742A2C-4223-48CE-91E4-8FB2193D46FD}.Debug|Any CPU.Build.0 = Debug|Any CPU
		{C0742A2C-4223-48CE-91E4-8FB2193D46FD}.Release|Any CPU.ActiveCfg = Release|Any CPU
		{C0742A2C-4223-48CE-91E4-8FB2193D46FD}.Release|Any CPU.Build.0 = Release|Any CPU
		{E617FAE6-F7CF-4178-A176-3BDC390B55B5}.Debug|Any CPU.ActiveCfg = Debug|Any CPU
		{E617FAE6-F7CF-4178-A176-3BDC390B55B5}.Debug|Any CPU.Build.0 = Debug|Any CPU
		{E617FAE6-F7CF-4178-A176-3BDC390B55B5}.Release|Any CPU.ActiveCfg = Release|Any CPU
		{E617FAE6-F7CF-4178-A176-3BDC390B55B5}.Release|Any CPU.Build.0 = Release|Any CPU
	EndGlobalSection
	GlobalSection(SolutionProperties) = preSolution
		HideSolutionNode = FALSE
	EndGlobalSection
	GlobalSection(NestedProjects) = preSolution
		{6150A289-0B9A-4146-8EC0-283D9DBBB02F} = {02EA681E-C7D8-13C7-8484-4AC65E1B71E8}
		{3A7E1CD9-AAB9-439B-9973-6431903F8A71} = {02EA681E-C7D8-13C7-8484-4AC65E1B71E8}
		{085E98D3-F62F-4F80-8412-3968FA92E0B1} = {6F2B6916-838B-4379-A5C0-23D3778239CB}
		{8439F2F6-3CE4-4862-B13A-09928D2B91F4} = {6F2B6916-838B-4379-A5C0-23D3778239CB}
		{FAF7CA14-081A-48D3-AD45-D6A64AB64AEB} = {6F2B6916-838B-4379-A5C0-23D3778239CB}
		{6FABB628-0555-4696-8200-D482F0D05D17} = {F8E9652A-6F87-4981-A6C0-500DD21E003A}
		{C0742A2C-4223-48CE-91E4-8FB2193D46FD} = {F8E9652A-6F87-4981-A6C0-500DD21E003A}
		{E617FAE6-F7CF-4178-A176-3BDC390B55B5} = {64E4E5EB-1685-4E10-9B6C-3CE30CDA6524}
	EndGlobalSection
	GlobalSection(ExtensibilityGlobals) = postSolution
		SolutionGuid = {E92B8922-23F1-4184-B182-1290C375413D}
	EndGlobalSection
EndGlobal
